
Microsoft Visual Studio Solution File, Format Version 12.00
# Visual Studio Version 16
VisualStudioVersion = 16.0.29709.97
MinimumVisualStudioVersion = 10.0.40219.1
Project("{FAE04EC0-301F-11D3-BF4B-00C04F79EFBC}") = "FileISO", "FileISO\FileISO.csproj", "{EB27E93F-29F3-4112-BEC3-C85890E7CBDC}"
EndProject
Global
	GlobalSection(SolutionConfigurationPlatforms) = preSolution
		Debug|Any CPU = Debug|Any CPU
		Release|Any CPU = Release|Any CPU
	EndGlobalSection
	GlobalSection(ProjectConfigurationPlatforms) = postSolution
		{EB27E93F-29F3-4112-BEC3-C85890E7CBDC}.Debug|Any CPU.ActiveCfg = Debug|Any CPU
		{EB27E93F-29F3-4112-BEC3-C85890E7CBDC}.Debug|Any CPU.Build.0 = Debug|Any CPU
		{EB27E93F-29F3-4112-BEC3-C85890E7CBDC}.Release|Any CPU.ActiveCfg = Release|Any CPU
		{EB27E93F-29F3-4112-BEC3-C85890E7CBDC}.Release|Any CPU.Build.0 = Release|Any CPU
	EndGlobalSection
	GlobalSection(SolutionProperties) = preSolution
		HideSolutionNode = FALSE
	EndGlobalSection
	GlobalSection(ExtensibilityGlobals) = postSolution
		SolutionGuid = {2C71E264-294D-46AC-95C1-0A7742063947}
	EndGlobalSection
EndGlobal
